# generated by rye
# use `rye lock` or `rye sync` to update this lockfile
#
# last locked with the following flags:
#   pre: false
#   features: []
#   all-features: false
#   with-sources: false
#   generate-hashes: false
#   universal: false

-e file:.
accelerate==1.10.0
    # via lounge
    # via peft
    # via trl
aiohappyeyeballs==2.6.1
    # via aiohttp
aiohttp==3.12.14
    # via fsspec
aiosignal==1.4.0
    # via aiohttp
annotated-types==0.7.0
    # via pydantic
anyio==4.9.0
    # via httpx
    # via openai
appnope==0.1.4
    # via ipykernel
asgiref==3.9.1
    # via django
asttokens==3.0.0
    # via stack-data
attrs==25.3.0
    # via aiohttp
    # via jsonschema
    # via referencing
authlib==1.6.0
    # via dwave-cloud-client
beautifulsoup4==4.13.4
    # via google
bitsandbytes==0.42.0
    # via lounge
blinker==1.9.0
    # via flask
blobfile==3.0.0
    # via lounge
cachetools==5.5.2
    # via google-auth
certifi==2025.6.15
    # via httpcore
    # via httpx
    # via requests
    # via sentry-sdk
cffi==1.17.1
    # via cryptography
charset-normalizer==3.4.2
    # via requests
click==8.2.1
    # via dwave-cloud-client
    # via dwave-hybrid
    # via flask
    # via wandb
comm==0.2.2
    # via ipykernel
contourpy==1.3.3
    # via matplotlib
cryptography==45.0.5
    # via authlib
cycler==0.12.1
    # via matplotlib
datasets==4.0.0
    # via lounge
    # via trl
debugpy==1.8.14
    # via ipykernel
decorator==5.2.1
    # via ipython
dill==0.3.8
    # via datasets
    # via multiprocess
dimod==0.12.20
    # via dwave-hybrid
    # via dwave-inspector
    # via dwave-networkx
    # via dwave-ocean-sdk
    # via dwave-preprocessing
    # via dwave-samplers
    # via dwave-system
    # via dwavebinarycsp
    # via lounge
    # via penaltymodel
diskcache==5.6.3
    # via dwave-cloud-client
distro==1.9.0
    # via openai
dj-database-url==3.0.1
    # via lounge
django==4.2.23
    # via dj-database-url
    # via djangorestframework
    # via drf-spectacular
    # via drf-spectacular-sidecar
    # via lounge
djangorestframework==3.16.1
    # via drf-spectacular
    # via lounge
drf-spectacular==0.29.0
    # via lounge
drf-spectacular-sidecar==2026.1.1
    # via lounge
dwave-cloud-client==0.13.6
    # via dwave-hybrid
    # via dwave-inspector
    # via dwave-ocean-sdk
    # via dwave-system
dwave-gate==0.3.4
    # via dwave-ocean-sdk
dwave-hybrid==0.6.14
    # via dwave-ocean-sdk
dwave-inspector==0.5.4
    # via dwave-ocean-sdk
dwave-neal==0.6.0
    # via lounge
dwave-networkx==0.8.18
    # via dwave-hybrid
    # via dwave-ocean-sdk
    # via dwave-system
    # via minorminer
dwave-ocean-sdk==8.4.0
    # via lounge
dwave-optimization==0.6.2
    # via dwave-ocean-sdk
    # via dwave-system
dwave-preprocessing==0.6.9
    # via dwave-hybrid
    # via dwave-ocean-sdk
    # via dwave-system
dwave-samplers==1.6.0
    # via dwave-hybrid
    # via dwave-neal
    # via dwave-ocean-sdk
    # via dwave-system
dwave-system==1.32.0
    # via dwave-hybrid
    # via dwave-inspector
    # via dwave-ocean-sdk
dwavebinarycsp==0.3.1
    # via dwave-ocean-sdk
executing==2.2.0
    # via stack-data
fasteners==0.19
    # via minorminer
filelock==3.18.0
    # via blobfile
    # via datasets
    # via huggingface-hub
    # via torch
    # via transformers
flask==3.1.1
    # via dwave-inspector
fonttools==4.60.1
    # via matplotlib
frozenlist==1.7.0
    # via aiohttp
    # via aiosignal
fsspec==2025.3.0
    # via datasets
    # via huggingface-hub
    # via torch
fugashi==1.5.1
    # via lounge
gitdb==4.0.12
    # via gitpython
gitpython==3.1.45
    # via wandb
google==3.0.0
    # via lounge
google-api-core==2.25.1
    # via google-cloud-core
    # via google-cloud-speech
    # via google-cloud-storage
google-auth==2.40.3
    # via google-api-core
    # via google-cloud-core
    # via google-cloud-speech
    # via google-cloud-storage
google-cloud==0.34.0
    # via lounge
google-cloud-core==2.4.3
    # via google-cloud-storage
google-cloud-speech==2.33.0
    # via lounge
google-cloud-storage==3.2.0
    # via lounge
google-crc32c==1.7.1
    # via google-cloud-storage
    # via google-resumable-media
google-resumable-media==2.7.2
    # via google-cloud-storage
googleapis-common-protos==1.70.0
    # via google-api-core
    # via grpcio-status
grpcio==1.73.1
    # via google-api-core
    # via grpcio-status
grpcio-status==1.73.1
    # via google-api-core
h11==0.16.0
    # via httpcore
hf-xet==1.1.5
    # via huggingface-hub
homebase==1.0.1
    # via dwave-cloud-client
    # via dwave-system
    # via minorminer
    # via penaltymodel
httpcore==1.0.9
    # via httpx
httpx==0.28.1
    # via openai
huggingface-hub==0.34.4
    # via accelerate
    # via datasets
    # via peft
    # via tokenizers
    # via transformers
idna==3.10
    # via anyio
    # via httpx
    # via requests
    # via yarl
importlib-metadata==8.7.0
    # via dwave-cloud-client
inflection==0.5.1
    # via drf-spectacular
ipadic==1.0.0
    # via lounge
ipykernel==6.29.5
    # via lounge
ipython==9.4.0
    # via ipykernel
ipython-pygments-lexers==1.1.1
    # via ipython
itsdangerous==2.2.0
    # via flask
japanize-matplotlib==1.1.3
    # via lounge
jedi==0.19.2
    # via ipython
jinja2==3.1.6
    # via flask
    # via torch
jiter==0.10.0
    # via openai
joblib==1.5.1
    # via scikit-learn
jsonschema==4.25.1
    # via drf-spectacular
jsonschema-specifications==2025.9.1
    # via jsonschema
jupyter-client==8.6.3
    # via ipykernel
jupyter-core==5.8.1
    # via ipykernel
    # via jupyter-client
kiwisolver==1.4.9
    # via matplotlib
lxml==6.0.0
    # via blobfile
markdown-it-py==4.0.0
    # via rich
markupsafe==3.0.2
    # via flask
    # via jinja2
    # via werkzeug
matplotlib==3.10.6
    # via japanize-matplotlib
    # via lounge
    # via seaborn
matplotlib-inline==0.1.7
    # via ipykernel
    # via ipython
mdurl==0.1.2
    # via markdown-it-py
mecab==0.996.11
    # via lounge
mecab-python3==1.0.10
    # via lounge
minorminer==0.2.19
    # via dwave-hybrid
    # via dwave-ocean-sdk
    # via dwave-system
mpmath==1.3.0
    # via sympy
multidict==6.6.3
    # via aiohttp
    # via yarl
multiprocess==0.70.16
    # via datasets
nest-asyncio==1.6.0
    # via ipykernel
networkx==3.5
    # via dwave-hybrid
    # via dwave-networkx
    # via dwave-samplers
    # via dwavebinarycsp
    # via minorminer
    # via penaltymodel
    # via torch
numpy==2.3.1
    # via accelerate
    # via contourpy
    # via datasets
    # via dimod
    # via dwave-gate
    # via dwave-hybrid
    # via dwave-inspector
    # via dwave-networkx
    # via dwave-optimization
    # via dwave-preprocessing
    # via dwave-samplers
    # via dwave-system
    # via lounge
    # via matplotlib
    # via minorminer
    # via pandas
    # via peft
    # via penaltymodel
    # via scikit-learn
    # via scipy
    # via seaborn
    # via sox
    # via transformers
openai==1.102.0
    # via lounge
orjson==3.10.18
    # via dwave-cloud-client
    # via dwave-inspector
packaging==25.0
    # via accelerate
    # via datasets
    # via dwave-cloud-client
    # via huggingface-hub
    # via ipykernel
    # via matplotlib
    # via peft
    # via transformers
    # via wandb
pandas==2.3.1
    # via datasets
    # via lounge
    # via seaborn
parso==0.8.4
    # via jedi
peft==0.17.0
    # via lounge
penaltymodel==1.2.0
    # via dwave-ocean-sdk
    # via dwavebinarycsp
pexpect==4.9.0
    # via ipython
pillow==11.3.0
    # via matplotlib
plac==1.4.5
    # via unidic
platformdirs==4.3.8
    # via jupyter-core
    # via wandb
plucky==0.4.3
    # via dwave-cloud-client
    # via dwave-hybrid
prompt-toolkit==3.0.51
    # via ipython
propcache==0.3.2
    # via aiohttp
    # via yarl
proto-plus==1.26.1
    # via google-api-core
    # via google-cloud-speech
protobuf==6.31.1
    # via google-api-core
    # via google-cloud-speech
    # via googleapis-common-protos
    # via grpcio-status
    # via proto-plus
    # via wandb
psutil==7.0.0
    # via accelerate
    # via ipykernel
    # via lounge
    # via peft
psycopg==3.3.1
    # via lounge
psycopg-binary==3.3.1
    # via psycopg
ptyprocess==0.7.0
    # via pexpect
pure-eval==0.2.3
    # via stack-data
pyarrow==21.0.0
    # via datasets
pyasn1==0.6.1
    # via pyasn1-modules
    # via rsa
pyasn1-modules==0.4.2
    # via google-auth
pyaudio==0.2.14
    # via lounge
pycparser==2.22
    # via cffi
pycryptodomex==3.23.0
    # via blobfile
pydantic==2.11.7
    # via dwave-cloud-client
    # via openai
    # via wandb
pydantic-core==2.33.2
    # via pydantic
pygments==2.19.2
    # via ipython
    # via ipython-pygments-lexers
    # via rich
pyparsing==3.2.5
    # via matplotlib
pysocks==1.7.1
    # via requests
python-dateutil==2.9.0.post0
    # via dwave-cloud-client
    # via jupyter-client
    # via matplotlib
    # via pandas
python-dotenv==1.1.1
    # via lounge
pytz==2025.2
    # via pandas
pyyaml==6.0.2
    # via accelerate
    # via datasets
    # via drf-spectacular
    # via huggingface-hub
    # via lounge
    # via peft
    # via transformers
    # via wandb
pyzmq==27.0.0
    # via ipykernel
    # via jupyter-client
referencing==0.37.0
    # via jsonschema
    # via jsonschema-specifications
regex==2024.11.6
    # via tiktoken
    # via transformers
requests==2.32.4
    # via datasets
    # via dwave-cloud-client
    # via google-api-core
    # via google-cloud-storage
    # via huggingface-hub
    # via tiktoken
    # via transformers
    # via unidic
    # via wandb
rich==14.1.0
    # via lounge
rpds-py==0.30.0
    # via jsonschema
    # via referencing
rsa==4.9.1
    # via google-auth
safetensors==0.5.3
    # via accelerate
    # via peft
    # via transformers
scikit-learn==1.7.1
    # via lounge
scipy==1.16.0
    # via bitsandbytes
    # via dwave-system
    # via minorminer
    # via penaltymodel
    # via scikit-learn
seaborn==0.13.2
    # via lounge
sentencepiece==0.2.0
    # via lounge
sentry-sdk==2.33.2
    # via wandb
setuptools==80.9.0
    # via torch
six==1.17.0
    # via python-dateutil
smmap==5.0.2
    # via gitdb
sniffio==1.3.1
    # via anyio
    # via openai
soupsieve==2.7
    # via beautifulsoup4
sox==1.5.0
    # via lounge
sqlparse==0.5.3
    # via django
stack-data==0.6.3
    # via ipython
sympy==1.14.0
    # via torch
threadpoolctl==3.6.0
    # via scikit-learn
tiktoken==0.11.0
    # via lounge
tokenizers==0.21.2
    # via transformers
torch==2.8.0
    # via accelerate
    # via lounge
    # via peft
tornado==6.5.1
    # via ipykernel
    # via jupyter-client
tqdm==4.67.1
    # via datasets
    # via huggingface-hub
    # via lounge
    # via openai
    # via peft
    # via transformers
    # via unidic
traitlets==5.14.3
    # via comm
    # via ipykernel
    # via ipython
    # via jupyter-client
    # via jupyter-core
    # via matplotlib-inline
transformers==4.55.2
    # via lounge
    # via peft
    # via trl
trl==0.21.0
    # via lounge
typing-extensions==4.14.1
    # via beautifulsoup4
    # via dwave-cloud-client
    # via huggingface-hub
    # via openai
    # via pydantic
    # via pydantic-core
    # via sox
    # via torch
    # via typing-inspection
    # via wandb
typing-inspection==0.4.1
    # via pydantic
tzdata==2025.2
    # via pandas
unidic==1.1.0
    # via lounge
unidic-lite==1.0.8
    # via lounge
uritemplate==4.2.0
    # via drf-spectacular
urllib3==2.5.0
    # via blobfile
    # via dwave-cloud-client
    # via requests
    # via sentry-sdk
wandb==0.21.0
    # via lounge
wasabi==0.10.1
    # via unidic
wcwidth==0.2.13
    # via prompt-toolkit
werkzeug==3.1.3
    # via dwave-cloud-client
    # via flask
xxhash==3.5.0
    # via datasets
yarl==1.20.1
    # via aiohttp
zipp==3.23.0
    # via importlib-metadata
