# generated by rye
# use `rye lock` or `rye sync` to update this lockfile
#
# last locked with the following flags:
#   pre: false
#   features: []
#   all-features: false
#   with-sources: false
#   generate-hashes: false
#   universal: false

-e file:.
annotated-types==0.7.0
    # via pydantic
anyio==4.9.0
    # via httpx
    # via openai
appnope==0.1.4
    # via ipykernel
asgiref==3.8.1
    # via django
asttokens==3.0.0
    # via stack-data
beautifulsoup4==4.13.4
    # via google
cachetools==5.5.2
    # via google-auth
certifi==2024.12.14
    # via httpcore
    # via httpx
    # via requests
charset-normalizer==3.4.1
    # via requests
comm==0.2.2
    # via ipykernel
contourpy==1.3.1
    # via matplotlib
cycler==0.12.1
    # via matplotlib
debugpy==1.8.12
    # via ipykernel
decorator==5.1.1
    # via ipython
distro==1.9.0
    # via openai
django==5.2
    # via lounge
<<<<<<< HEAD
dotenv==0.9.9
    # via lounge
=======
>>>>>>> 3b8a734129ecace04756a6655e9e0eb9607d1735
exceptiongroup==1.3.0
    # via anyio
    # via ipython
executing==2.2.0
    # via stack-data
filelock==3.18.0
    # via huggingface-hub
    # via torch
    # via transformers
fonttools==4.55.7
    # via matplotlib
fsspec==2025.5.1
    # via huggingface-hub
    # via torch
fugashi==1.5.1
    # via lounge
google==3.0.0
    # via lounge
google-api-core==2.24.1
    # via google-cloud-core
    # via google-cloud-speech
    # via google-cloud-storage
google-auth==2.38.0
    # via google-api-core
    # via google-cloud-core
    # via google-cloud-speech
    # via google-cloud-storage
google-cloud==0.34.0
    # via lounge
google-cloud-core==2.4.3
    # via google-cloud-storage
google-cloud-speech==2.32.0
    # via lounge
google-cloud-storage==3.1.0
    # via lounge
google-crc32c==1.7.1
    # via google-cloud-storage
    # via google-resumable-media
google-resumable-media==2.7.2
    # via google-cloud-storage
googleapis-common-protos==1.68.0
    # via google-api-core
    # via grpcio-status
grpcio==1.72.1
    # via google-api-core
    # via grpcio-status
grpcio-status==1.71.0
    # via google-api-core
h11==0.16.0
    # via httpcore
hf-xet==1.1.4
    # via huggingface-hub
httpcore==1.0.9
    # via httpx
httpx==0.28.1
    # via openai
huggingface-hub==0.33.0
    # via tokenizers
    # via transformers
idna==3.10
    # via anyio
    # via httpx
    # via requests
ipadic==1.0.0
    # via lounge
ipykernel==6.29.5
    # via lounge
ipython==8.31.0
    # via ipykernel
japanize-matplotlib==1.1.3
    # via lounge
jedi==0.19.2
    # via ipython
jinja2==3.1.6
    # via torch
jiter==0.10.0
    # via openai
jupyter-client==8.6.3
    # via ipykernel
jupyter-core==5.7.2
    # via ipykernel
    # via jupyter-client
kiwisolver==1.4.8
    # via matplotlib
markupsafe==3.0.2
    # via jinja2
matplotlib==3.10.0
    # via japanize-matplotlib
    # via lounge
matplotlib-inline==0.1.7
    # via ipykernel
    # via ipython
mecab==0.996.11
    # via lounge
mecab-python3==1.0.10
    # via lounge
mpmath==1.3.0
    # via sympy
nest-asyncio==1.6.0
    # via ipykernel
networkx==3.4.2
    # via torch
numpy==2.2.2
    # via contourpy
    # via lounge
    # via matplotlib
    # via pandas
    # via sox
    # via transformers
openai==1.93.0
    # via lounge
packaging==24.2
    # via huggingface-hub
    # via ipykernel
    # via matplotlib
    # via transformers
pandas==2.3.0
    # via lounge
parso==0.8.4
    # via jedi
pexpect==4.9.0
    # via ipython
pillow==11.1.0
    # via matplotlib
plac==1.4.3
    # via unidic
platformdirs==4.3.6
    # via jupyter-core
prompt-toolkit==3.0.50
    # via ipython
proto-plus==1.26.0
    # via google-api-core
    # via google-cloud-speech
protobuf==5.29.3
    # via google-api-core
    # via google-cloud-speech
    # via googleapis-common-protos
    # via grpcio-status
    # via proto-plus
psutil==6.1.1
    # via ipykernel
ptyprocess==0.7.0
    # via pexpect
pure-eval==0.2.3
    # via stack-data
pyasn1==0.6.1
    # via pyasn1-modules
    # via rsa
pyasn1-modules==0.4.1
    # via google-auth
pyaudio==0.2.14
    # via lounge
pydantic==2.11.7
    # via openai
pydantic-core==2.33.2
    # via pydantic
pygments==2.19.1
    # via ipython
pyparsing==3.2.1
    # via matplotlib
python-dateutil==2.9.0.post0
    # via jupyter-client
    # via matplotlib
    # via pandas
python-dotenv==1.1.1
    # via dotenv
    # via lounge
pytz==2025.2
    # via pandas
pyyaml==6.0.2
    # via huggingface-hub
    # via lounge
    # via transformers
pyzmq==26.2.0
    # via ipykernel
    # via jupyter-client
regex==2024.11.6
    # via transformers
requests==2.32.3
    # via google-api-core
    # via google-cloud-storage
    # via huggingface-hub
    # via transformers
    # via unidic
rsa==4.9
    # via google-auth
safetensors==0.5.3
    # via transformers
six==1.17.0
    # via python-dateutil
sniffio==1.3.1
    # via anyio
    # via openai
soupsieve==2.7
    # via beautifulsoup4
sox==1.5.0
    # via lounge
sqlparse==0.5.3
    # via django
stack-data==0.6.3
    # via ipython
sympy==1.14.0
    # via torch
tokenizers==0.21.1
    # via transformers
torch==2.7.1
    # via lounge
tornado==6.4.2
    # via ipykernel
    # via jupyter-client
tqdm==4.67.1
    # via huggingface-hub
    # via openai
    # via transformers
    # via unidic
traitlets==5.14.3
    # via comm
    # via ipykernel
    # via ipython
    # via jupyter-client
    # via jupyter-core
    # via matplotlib-inline
transformers==4.52.4
    # via lounge
typing-extensions==4.12.2
    # via anyio
    # via asgiref
    # via beautifulsoup4
    # via exceptiongroup
    # via huggingface-hub
    # via ipython
    # via openai
    # via pydantic
    # via pydantic-core
    # via sox
    # via torch
    # via typing-inspection
typing-inspection==0.4.1
    # via pydantic
tzdata==2025.2
    # via pandas
unidic==1.1.0
    # via lounge
unidic-lite==1.0.8
    # via lounge
urllib3==2.3.0
    # via requests
wasabi==0.10.1
    # via unidic
wcwidth==0.2.13
    # via prompt-toolkit
